
Microsoft Visual Studio Solution File, Format Version 12.00
# Visual Studio 15
VisualStudioVersion = 15.0.27703.2035
MinimumVisualStudioVersion = 10.0.40219.1
Project("{FAE04EC0-301F-11D3-BF4B-00C04F79EFBC}") = "UsersAward.DAL.AbstractDAL", "AbstractDLL\UsersAward.DAL.AbstractDAL.csproj", "{1D98F51F-7C5E-41E3-B337-392491D0DB28}"
EndProject
Project("{2150E333-8FDC-42A3-9474-1A3956D46DE8}") = "DAL", "DAL", "{8FFCF68C-BE80-4853-B657-E29B2D00C6B6}"
EndProject
Project("{2150E333-8FDC-42A3-9474-1A3956D46DE8}") = "BLL", "BLL", "{D588EA8C-38B4-41AF-8694-F48C0768E9C8}"
EndProject
Project("{2150E333-8FDC-42A3-9474-1A3956D46DE8}") = "PL", "PL", "{EC8D613A-6746-44A5-A77B-BCF73729324B}"
EndProject
Project("{FAE04EC0-301F-11D3-BF4B-00C04F79EFBC}") = "UsersAward.DAL.DBDAL", "DBDAL\UsersAward.DAL.DBDAL.csproj", "{5DA74D90-31CD-4B48-8B4D-7B7BDF51424E}"
EndProject
Project("{FAE04EC0-301F-11D3-BF4B-00C04F79EFBC}") = "UsersAward.BLL.AbstractBLL", "UsersAward.BLL.AbstractBLL\UsersAward.BLL.AbstractBLL.csproj", "{A714F6F1-AAE3-42BE-B43B-EE6905FF9F93}"
EndProject
Project("{FAE04EC0-301F-11D3-BF4B-00C04F79EFBC}") = "UsersAward.BLL.BasicBLL", "UsersAward.BLL.BasicBLL\UsersAward.BLL.BasicBLL.csproj", "{446EDBAB-A839-4A95-A6B7-DEB9D6117F31}"
EndProject
Project("{2150E333-8FDC-42A3-9474-1A3956D46DE8}") = "Entities", "Entities", "{126C1C5C-0E75-47BA-B9C0-31DFC4805FDA}"
EndProject
Project("{FAE04EC0-301F-11D3-BF4B-00C04F79EFBC}") = "UsersAward.Entities", "UsersAward.Entities\UsersAward.Entities.csproj", "{91EB9BB9-C8A2-466A-A9A6-F8FC498711A8}"
EndProject
Project("{FAE04EC0-301F-11D3-BF4B-00C04F79EFBC}") = "UsersAward.PLL.Web", "UsersAward.PLL.Web\UsersAward.PLL.Web.csproj", "{2CE235A0-E706-47A3-9253-623CA087076D}"
EndProject
Global
	GlobalSection(SolutionConfigurationPlatforms) = preSolution
		Debug|Any CPU = Debug|Any CPU
		Release|Any CPU = Release|Any CPU
	EndGlobalSection
	GlobalSection(ProjectConfigurationPlatforms) = postSolution
		{1D98F51F-7C5E-41E3-B337-392491D0DB28}.Debug|Any CPU.ActiveCfg = Debug|Any CPU
		{1D98F51F-7C5E-41E3-B337-392491D0DB28}.Debug|Any CPU.Build.0 = Debug|Any CPU
		{1D98F51F-7C5E-41E3-B337-392491D0DB28}.Release|Any CPU.ActiveCfg = Release|Any CPU
		{1D98F51F-7C5E-41E3-B337-392491D0DB28}.Release|Any CPU.Build.0 = Release|Any CPU
		{5DA74D90-31CD-4B48-8B4D-7B7BDF51424E}.Debug|Any CPU.ActiveCfg = Debug|Any CPU
		{5DA74D90-31CD-4B48-8B4D-7B7BDF51424E}.Debug|Any CPU.Build.0 = Debug|Any CPU
		{5DA74D90-31CD-4B48-8B4D-7B7BDF51424E}.Release|Any CPU.ActiveCfg = Release|Any CPU
		{5DA74D90-31CD-4B48-8B4D-7B7BDF51424E}.Release|Any CPU.Build.0 = Release|Any CPU
		{A714F6F1-AAE3-42BE-B43B-EE6905FF9F93}.Debug|Any CPU.ActiveCfg = Debug|Any CPU
		{A714F6F1-AAE3-42BE-B43B-EE6905FF9F93}.Debug|Any CPU.Build.0 = Debug|Any CPU
		{A714F6F1-AAE3-42BE-B43B-EE6905FF9F93}.Release|Any CPU.ActiveCfg = Release|Any CPU
		{A714F6F1-AAE3-42BE-B43B-EE6905FF9F93}.Release|Any CPU.Build.0 = Release|Any CPU
		{446EDBAB-A839-4A95-A6B7-DEB9D6117F31}.Debug|Any CPU.ActiveCfg = Debug|Any CPU
		{446EDBAB-A839-4A95-A6B7-DEB9D6117F31}.Debug|Any CPU.Build.0 = Debug|Any CPU
		{446EDBAB-A839-4A95-A6B7-DEB9D6117F31}.Release|Any CPU.ActiveCfg = Release|Any CPU
		{446EDBAB-A839-4A95-A6B7-DEB9D6117F31}.Release|Any CPU.Build.0 = Release|Any CPU
		{91EB9BB9-C8A2-466A-A9A6-F8FC498711A8}.Debug|Any CPU.ActiveCfg = Debug|Any CPU
		{91EB9BB9-C8A2-466A-A9A6-F8FC498711A8}.Debug|Any CPU.Build.0 = Debug|Any CPU
		{91EB9BB9-C8A2-466A-A9A6-F8FC498711A8}.Release|Any CPU.ActiveCfg = Release|Any CPU
		{91EB9BB9-C8A2-466A-A9A6-F8FC498711A8}.Release|Any CPU.Build.0 = Release|Any CPU
		{2CE235A0-E706-47A3-9253-623CA087076D}.Debug|Any CPU.ActiveCfg = Debug|Any CPU
		{2CE235A0-E706-47A3-9253-623CA087076D}.Debug|Any CPU.Build.0 = Debug|Any CPU
		{2CE235A0-E706-47A3-9253-623CA087076D}.Release|Any CPU.ActiveCfg = Release|Any CPU
		{2CE235A0-E706-47A3-9253-623CA087076D}.Release|Any CPU.Build.0 = Release|Any CPU
	EndGlobalSection
	GlobalSection(SolutionProperties) = preSolution
		HideSolutionNode = FALSE
	EndGlobalSection
	GlobalSection(NestedProjects) = preSolution
		{1D98F51F-7C5E-41E3-B337-392491D0DB28} = {8FFCF68C-BE80-4853-B657-E29B2D00C6B6}
		{5DA74D90-31CD-4B48-8B4D-7B7BDF51424E} = {8FFCF68C-BE80-4853-B657-E29B2D00C6B6}
		{A714F6F1-AAE3-42BE-B43B-EE6905FF9F93} = {D588EA8C-38B4-41AF-8694-F48C0768E9C8}
		{446EDBAB-A839-4A95-A6B7-DEB9D6117F31} = {D588EA8C-38B4-41AF-8694-F48C0768E9C8}
		{91EB9BB9-C8A2-466A-A9A6-F8FC498711A8} = {126C1C5C-0E75-47BA-B9C0-31DFC4805FDA}
		{2CE235A0-E706-47A3-9253-623CA087076D} = {EC8D613A-6746-44A5-A77B-BCF73729324B}
	EndGlobalSection
	GlobalSection(ExtensibilityGlobals) = postSolution
		SolutionGuid = {8EF0105B-E454-4B80-9344-2B7EDE92733F}
	EndGlobalSection
EndGlobal
